github.com/goofansu/hugo-modus v0.0.0-20250423135050-b8cf9a1e9268 h1:xOs38AwIWyqdvgLS39900uMpHPxZp/vNG0VLktpKdM4=
github.com/goofansu/hugo-modus v0.0.0-20250423135050-b8cf9a1e9268/go.mod h1:qzmhitcd7c3bZJIiVXeqaIid1d/K0tL0y7myMwyXY4g=
github.com/goofansu/hugo-modus v0.0.0-20250726142502-d99db5d2e3b1 h1:idGf7B+3tfPbsLgguNvpUx1aM5wQqaIiT8ASPrI0z2A=
github.com/goofansu/hugo-modus v0.0.0-20250726142502-d99db5d2e3b1/go.mod h1:qzmhitcd7c3bZJIiVXeqaIid1d/K0tL0y7myMwyXY4g=
github.com/goofansu/hugo-modus v0.0.0-20250727161736-455b79693220 h1:e8qZ6KcD2kqczd2WhjpwEg1/MUVHBGHVZhk3EldQN0Q=
github.com/goofansu/hugo-modus v0.0.0-20250727161736-455b79693220/go.mod h1:qzmhitcd7c3bZJIiVXeqaIid1d/K0tL0y7myMwyXY4g=
