github.com/goofansu/hugo-modus v0.0.0-20250423135050-b8cf9a1e9268 h1:xOs38AwIWyqdvgLS39900uMpHPxZp/vNG0VLktpKdM4=
github.com/goofansu/hugo-modus v0.0.0-20250423135050-b8cf9a1e9268/go.mod h1:qzmhitcd7c3bZJIiVXeqaIid1d/K0tL0y7myMwyXY4g=
github.com/goofansu/hugo-modus v0.0.0-20250726142502-d99db5d2e3b1 h1:idGf7B+3tfPbsLgguNvpUx1aM5wQqaIiT8ASPrI0z2A=
github.com/goofansu/hugo-modus v0.0.0-20250726142502-d99db5d2e3b1/go.mod h1:qzmhitcd7c3bZJIiVXeqaIid1d/K0tL0y7myMwyXY4g=
github.com/goofansu/hugo-modus v0.0.0-20250727161736-455b79693220 h1:e8qZ6KcD2kqczd2WhjpwEg1/MUVHBGHVZhk3EldQN0Q=
github.com/goofansu/hugo-modus v0.0.0-20250727161736-455b79693220/go.mod h1:qzmhitcd7c3bZJIiVXeqaIid1d/K0tL0y7myMwyXY4g=
github.com/goofansu/hugo-modus v0.0.0-20250805020821-159293c1741f h1:pCHrTZZWOTAhZsCJ5IIgL7u48XVo+JNQaIzH8Y8cnUI=
github.com/goofansu/hugo-modus v0.0.0-20250805020821-159293c1741f/go.mod h1:qzmhitcd7c3bZJIiVXeqaIid1d/K0tL0y7myMwyXY4g=
github.com/goofansu/hugo-modus v0.0.0-20250902020102-bb59b431108a h1:VUlWtAQtPPYg4qC6fq9SuCnAxuMXsne+Umo4rMeQ0Ow=
github.com/goofansu/hugo-modus v0.0.0-20250902020102-bb59b431108a/go.mod h1:qzmhitcd7c3bZJIiVXeqaIid1d/K0tL0y7myMwyXY4g=
github.com/goofansu/hugo-modus v0.0.0-20251015163452-321b4231dbaf h1:svUJQSWHbZ5HWETDR0R50nHueQc401B1n35oxwv42wM=
github.com/goofansu/hugo-modus v0.0.0-20251015163452-321b4231dbaf/go.mod h1:qzmhitcd7c3bZJIiVXeqaIid1d/K0tL0y7myMwyXY4g=
github.com/goofansu/hugo-modus v0.0.0-20251015165146-d874193545d9 h1:saJqWk3hrQb6kJDMOy8u/jgUhICHf1bJ+aEyUvIKp9M=
github.com/goofansu/hugo-modus v0.0.0-20251015165146-d874193545d9/go.mod h1:qzmhitcd7c3bZJIiVXeqaIid1d/K0tL0y7myMwyXY4g=
github.com/goofansu/hugo-modus v0.0.0-20251015165643-b0eefde406a3 h1:e+GPFLB2JXKMFg4WXcJA87g5mIeN5xvkxYJ2fuA4PfE=
github.com/goofansu/hugo-modus v0.0.0-20251015165643-b0eefde406a3/go.mod h1:qzmhitcd7c3bZJIiVXeqaIid1d/K0tL0y7myMwyXY4g=
github.com/goofansu/hugo-modus v0.0.0-20251016051133-f502c0ea2672 h1:26cCmwiY+4VDU6Huk0rpFtjYLy4qnx/W89D/Yf25mQE=
github.com/goofansu/hugo-modus v0.0.0-20251016051133-f502c0ea2672/go.mod h1:qzmhitcd7c3bZJIiVXeqaIid1d/K0tL0y7myMwyXY4g=
github.com/goofansu/hugo-modus v0.0.0-20251019165320-c86ca8fb4ebc h1:DH/YpQd7WKhbcNPgcIPEjOsyR+SMQ4pWty32KJIevEo=
github.com/goofansu/hugo-modus v0.0.0-20251019165320-c86ca8fb4ebc/go.mod h1:qzmhitcd7c3bZJIiVXeqaIid1d/K0tL0y7myMwyXY4g=
github.com/goofansu/hugo-modus v0.0.0-20251021164615-57782cda27c1 h1:Mu0COgBsq9pAQuQOTqcvOVjur+eAuThmRKIimcQHPdE=
github.com/goofansu/hugo-modus v0.0.0-20251021164615-57782cda27c1/go.mod h1:qzmhitcd7c3bZJIiVXeqaIid1d/K0tL0y7myMwyXY4g=
github.com/goofansu/hugo-modus v0.0.0-20251022020228-a14e2a1f719a h1:wM0olB0w2Y1MBFfq4mZ6LtayIIAATByNIxrnGn/4TOo=
github.com/goofansu/hugo-modus v0.0.0-20251022020228-a14e2a1f719a/go.mod h1:qzmhitcd7c3bZJIiVXeqaIid1d/K0tL0y7myMwyXY4g=
github.com/goofansu/hugo-modus v0.0.0-20251112170532-2c19d57cf749 h1:/cp/4cktIL3LRwzQ5kMON507IsgjEq4pHzz6OnXSvq4=
github.com/goofansu/hugo-modus v0.0.0-20251112170532-2c19d57cf749/go.mod h1:qzmhitcd7c3bZJIiVXeqaIid1d/K0tL0y7myMwyXY4g=
github.com/goofansu/hugo-modus v0.0.0-20251113022129-25dd5bd2e88a h1:Jl9pj0OJVZEXd5V4w7tDngPOCYT6PBfbU/k9EXis/0o=
github.com/goofansu/hugo-modus v0.0.0-20251113022129-25dd5bd2e88a/go.mod h1:qzmhitcd7c3bZJIiVXeqaIid1d/K0tL0y7myMwyXY4g=
github.com/goofansu/hugo-modus v0.0.0-20251113084628-7021715758b4 h1:fj7FHL4FVFC+hsLDqsp8wsZGf0K5r9Q9nVErVjldj4E=
github.com/goofansu/hugo-modus v0.0.0-20251113084628-7021715758b4/go.mod h1:qzmhitcd7c3bZJIiVXeqaIid1d/K0tL0y7myMwyXY4g=
github.com/goofansu/hugo-modus v0.0.0-20251121170517-ba67f61bf726 h1:y1PXE4wgRGPG6lBjWWnjyaolOgWL+Nyv78TmGgFC7rI=
github.com/goofansu/hugo-modus v0.0.0-20251121170517-ba67f61bf726/go.mod h1:qzmhitcd7c3bZJIiVXeqaIid1d/K0tL0y7myMwyXY4g=
github.com/goofansu/hugo-modus v0.0.0-20251122052034-949c83f40ffd h1:mo1Gqgb1B1pyISR+TB/hzrqOkWhv8H0EGQK6AXn4P18=
github.com/goofansu/hugo-modus v0.0.0-20251122052034-949c83f40ffd/go.mod h1:qzmhitcd7c3bZJIiVXeqaIid1d/K0tL0y7myMwyXY4g=
