github.com/goofansu/hugo-modus v0.0.0-20250423135050-b8cf9a1e9268 h1:xOs38AwIWyqdvgLS39900uMpHPxZp/vNG0VLktpKdM4=
github.com/goofansu/hugo-modus v0.0.0-20250423135050-b8cf9a1e9268/go.mod h1:qzmhitcd7c3bZJIiVXeqaIid1d/K0tL0y7myMwyXY4g=
github.com/goofansu/hugo-modus v0.0.0-20250726142502-d99db5d2e3b1 h1:idGf7B+3tfPbsLgguNvpUx1aM5wQqaIiT8ASPrI0z2A=
github.com/goofansu/hugo-modus v0.0.0-20250726142502-d99db5d2e3b1/go.mod h1:qzmhitcd7c3bZJIiVXeqaIid1d/K0tL0y7myMwyXY4g=
github.com/goofansu/hugo-modus v0.0.0-20250727161736-455b79693220 h1:e8qZ6KcD2kqczd2WhjpwEg1/MUVHBGHVZhk3EldQN0Q=
github.com/goofansu/hugo-modus v0.0.0-20250727161736-455b79693220/go.mod h1:qzmhitcd7c3bZJIiVXeqaIid1d/K0tL0y7myMwyXY4g=
github.com/goofansu/hugo-modus v0.0.0-20250805020821-159293c1741f h1:pCHrTZZWOTAhZsCJ5IIgL7u48XVo+JNQaIzH8Y8cnUI=
github.com/goofansu/hugo-modus v0.0.0-20250805020821-159293c1741f/go.mod h1:qzmhitcd7c3bZJIiVXeqaIid1d/K0tL0y7myMwyXY4g=
github.com/goofansu/hugo-modus v0.0.0-20250902020102-bb59b431108a h1:VUlWtAQtPPYg4qC6fq9SuCnAxuMXsne+Umo4rMeQ0Ow=
github.com/goofansu/hugo-modus v0.0.0-20250902020102-bb59b431108a/go.mod h1:qzmhitcd7c3bZJIiVXeqaIid1d/K0tL0y7myMwyXY4g=
github.com/goofansu/hugo-modus v0.0.0-20251015163452-321b4231dbaf h1:svUJQSWHbZ5HWETDR0R50nHueQc401B1n35oxwv42wM=
github.com/goofansu/hugo-modus v0.0.0-20251015163452-321b4231dbaf/go.mod h1:qzmhitcd7c3bZJIiVXeqaIid1d/K0tL0y7myMwyXY4g=
github.com/goofansu/hugo-modus v0.0.0-20251015165146-d874193545d9 h1:saJqWk3hrQb6kJDMOy8u/jgUhICHf1bJ+aEyUvIKp9M=
github.com/goofansu/hugo-modus v0.0.0-20251015165146-d874193545d9/go.mod h1:qzmhitcd7c3bZJIiVXeqaIid1d/K0tL0y7myMwyXY4g=
github.com/goofansu/hugo-modus v0.0.0-20251015165643-b0eefde406a3 h1:e+GPFLB2JXKMFg4WXcJA87g5mIeN5xvkxYJ2fuA4PfE=
github.com/goofansu/hugo-modus v0.0.0-20251015165643-b0eefde406a3/go.mod h1:qzmhitcd7c3bZJIiVXeqaIid1d/K0tL0y7myMwyXY4g=
github.com/goofansu/hugo-modus v0.0.0-20251016051133-f502c0ea2672 h1:26cCmwiY+4VDU6Huk0rpFtjYLy4qnx/W89D/Yf25mQE=
github.com/goofansu/hugo-modus v0.0.0-20251016051133-f502c0ea2672/go.mod h1:qzmhitcd7c3bZJIiVXeqaIid1d/K0tL0y7myMwyXY4g=
